
Microsoft Visual Studio Solution File, Format Version 12.00
# Visual Studio Version 17
VisualStudioVersion = 17.12.35309.182
MinimumVisualStudioVersion = 10.0.40219.1
Project("{FAE04EC0-301F-11D3-BF4B-00C04F79EFBC}") = "FizzBuzz", "FizzBuzz\FizzBuzz.csproj", "{5B570E30-4FFF-4A5B-9BD3-6A2FBC11516C}"
EndProject
Global
	GlobalSection(SolutionConfigurationPlatforms) = preSolution
		Debug|Any CPU = Debug|Any CPU
		Release|Any CPU = Release|Any CPU
	EndGlobalSection
	GlobalSection(ProjectConfigurationPlatforms) = postSolution
		{5B570E30-4FFF-4A5B-9BD3-6A2FBC11516C}.Debug|Any CPU.ActiveCfg = Debug|Any CPU
		{5B570E30-4FFF-4A5B-9BD3-6A2FBC11516C}.Debug|Any CPU.Build.0 = Debug|Any CPU
		{5B570E30-4FFF-4A5B-9BD3-6A2FBC11516C}.Release|Any CPU.ActiveCfg = Release|Any CPU
		{5B570E30-4FFF-4A5B-9BD3-6A2FBC11516C}.Release|Any CPU.Build.0 = Release|Any CPU
	EndGlobalSection
	GlobalSection(SolutionProperties) = preSolution
		HideSolutionNode = FALSE
	EndGlobalSection
	GlobalSection(ExtensibilityGlobals) = postSolution
		SolutionGuid = {AC55E031-C682-4637-840E-6870F16004BE}
	EndGlobalSection
EndGlobal
